
Microsoft Visual Studio Solution File, Format Version 12.00
# Visual Studio Version 17
VisualStudioVersion = 17.10.34928.147
MinimumVisualStudioVersion = 10.0.40219.1
Project("{9A19103F-16F7-4668-BE54-9A1E7A4F7556}") = "MarketG7C324", "MarketG7C324\MarketG7C324.csproj", "{80660A3C-A008-4744-91C4-931087DC7785}"
EndProject
Project("{FAE04EC0-301F-11D3-BF4B-00C04F79EFBC}") = "Application", "Application\Application.csproj", "{00DCB929-6912-4681-BA5C-D99CF0E0C5F5}"
EndProject
Global
	GlobalSection(SolutionConfigurationPlatforms) = preSolution
		Debug|Any CPU = Debug|Any CPU
		Release|Any CPU = Release|Any CPU
	EndGlobalSection
	GlobalSection(ProjectConfigurationPlatforms) = postSolution
		{80660A3C-A008-4744-91C4-931087DC7785}.Debug|Any CPU.ActiveCfg = Debug|Any CPU
		{80660A3C-A008-4744-91C4-931087DC7785}.Debug|Any CPU.Build.0 = Debug|Any CPU
		{80660A3C-A008-4744-91C4-931087DC7785}.Release|Any CPU.ActiveCfg = Release|Any CPU
		{80660A3C-A008-4744-91C4-931087DC7785}.Release|Any CPU.Build.0 = Release|Any CPU
		{00DCB929-6912-4681-BA5C-D99CF0E0C5F5}.Debug|Any CPU.ActiveCfg = Debug|Any CPU
		{00DCB929-6912-4681-BA5C-D99CF0E0C5F5}.Debug|Any CPU.Build.0 = Debug|Any CPU
		{00DCB929-6912-4681-BA5C-D99CF0E0C5F5}.Release|Any CPU.ActiveCfg = Release|Any CPU
		{00DCB929-6912-4681-BA5C-D99CF0E0C5F5}.Release|Any CPU.Build.0 = Release|Any CPU
	EndGlobalSection
	GlobalSection(SolutionProperties) = preSolution
		HideSolutionNode = FALSE
	EndGlobalSection
	GlobalSection(ExtensibilityGlobals) = postSolution
		SolutionGuid = {020EA657-812D-49F4-9C1D-86DB511C9D9F}
	EndGlobalSection
EndGlobal
